// !$*UTF8*$!
{
	archiveVersion = 1;
	classes = {
	};
	objectVersion = 48;
	objects = {

/* Begin PBXBuildFile section */
		1EA7879A1DD56D330075EFFF /* main.m in Sources */ = {isa = PBXBuildFile; fileRef = 1EA787991DD56D330075EFFF /* main.m */; };
		1EA787A51DD579890075EFFF /* KarateChop.m in Sources */ = {isa = PBXBuildFile; fileRef = 1EA787A41DD579890075EFFF /* KarateChop.m */; };
		1EFD9A681DD7A589000EB830 /* KarateChopTest.m in Sources */ = {isa = PBXBuildFile; fileRef = 1EFD9A671DD7A589000EB830 /* KarateChopTest.m */; };
		1EFD9A6F1DD7AEAD000EB830 /* BST.m in Sources */ = {isa = PBXBuildFile; fileRef = 1EFD9A6E1DD7AEAD000EB830 /* BST.m */; };
		1EFD9A711DD7B1AD000EB830 /* BSTTest.m in Sources */ = {isa = PBXBuildFile; fileRef = 1EFD9A701DD7B1AD000EB830 /* BSTTest.m */; };
		1EFD9A761DD7B4B0000EB830 /* BST.m in Sources */ = {isa = PBXBuildFile; fileRef = 1EFD9A6E1DD7AEAD000EB830 /* BST.m */; };
		1EFD9A771DD7B4B8000EB830 /* KarateChop.m in Sources */ = {isa = PBXBuildFile; fileRef = 1EA787A41DD579890075EFFF /* KarateChop.m */; };
		1EFD9A9D1DDA3358000EB830 /* TST.m in Sources */ = {isa = PBXBuildFile; fileRef = 1EFD9A9C1DDA3358000EB830 /* TST.m */; };
		1EFD9A9F1DDA35A8000EB830 /* TSTTest.m in Sources */ = {isa = PBXBuildFile; fileRef = 1EFD9A9E1DDA35A8000EB830 /* TSTTest.m */; };
/* End PBXBuildFile section */

/* Begin PBXContainerItemProxy section */
		1EFD9A741DD7B46F000EB830 /* PBXContainerItemProxy */ = {
			isa = PBXContainerItemProxy;
			containerPortal = 1EA7878E1DD56D330075EFFF /* Project object */;
			proxyType = 1;
			remoteGlobalIDString = 1EA787951DD56D330075EFFF;
			remoteInfo = Katas;
		};
/* End PBXContainerItemProxy section */

/* Begin PBXCopyFilesBuildPhase section */
		1EA787941DD56D330075EFFF /* CopyFiles */ = {
			isa = PBXCopyFilesBuildPhase;
			buildActionMask = 2147483647;
			dstPath = /usr/share/man/man1/;
			dstSubfolderSpec = 0;
			files = (
			);
			runOnlyForDeploymentPostprocessing = 1;
		};
/* End PBXCopyFilesBuildPhase section */

/* Begin PBXFileReference section */
		1EA787961DD56D330075EFFF /* Katas */ = {isa = PBXFileReference; explicitFileType = "compiled.mach-o.executable"; includeInIndex = 0; path = Katas; sourceTree = BUILT_PRODUCTS_DIR; };
		1EA787991DD56D330075EFFF /* main.m */ = {isa = PBXFileReference; lastKnownFileType = sourcecode.c.objc; path = main.m; sourceTree = "<group>"; };
		1EA787A31DD579890075EFFF /* KarateChop.h */ = {isa = PBXFileReference; fileEncoding = 4; lastKnownFileType = sourcecode.c.h; path = KarateChop.h; sourceTree = "<group>"; };
		1EA787A41DD579890075EFFF /* KarateChop.m */ = {isa = PBXFileReference; fileEncoding = 4; lastKnownFileType = sourcecode.c.objc; path = KarateChop.m; sourceTree = "<group>"; };
		1EFD9A651DD7A589000EB830 /* KatasTest.xctest */ = {isa = PBXFileReference; explicitFileType = wrapper.cfbundle; includeInIndex = 0; path = KatasTest.xctest; sourceTree = BUILT_PRODUCTS_DIR; };
		1EFD9A671DD7A589000EB830 /* KarateChopTest.m */ = {isa = PBXFileReference; lastKnownFileType = sourcecode.c.objc; path = KarateChopTest.m; sourceTree = "<group>"; };
		1EFD9A691DD7A589000EB830 /* Info.plist */ = {isa = PBXFileReference; lastKnownFileType = text.plist.xml; path = Info.plist; sourceTree = "<group>"; };
		1EFD9A6D1DD7AEAD000EB830 /* BST.h */ = {isa = PBXFileReference; fileEncoding = 4; lastKnownFileType = sourcecode.c.h; path = BST.h; sourceTree = "<group>"; };
		1EFD9A6E1DD7AEAD000EB830 /* BST.m */ = {isa = PBXFileReference; fileEncoding = 4; lastKnownFileType = sourcecode.c.objc; path = BST.m; sourceTree = "<group>"; };
		1EFD9A701DD7B1AD000EB830 /* BSTTest.m */ = {isa = PBXFileReference; fileEncoding = 4; lastKnownFileType = sourcecode.c.objc; path = BSTTest.m; sourceTree = "<group>"; };
		1EFD9A9B1DDA3358000EB830 /* TST.h */ = {isa = PBXFileReference; fileEncoding = 4; lastKnownFileType = sourcecode.c.h; path = TST.h; sourceTree = "<group>"; };
		1EFD9A9C1DDA3358000EB830 /* TST.m */ = {isa = PBXFileReference; fileEncoding = 4; lastKnownFileType = sourcecode.c.objc; path = TST.m; sourceTree = "<group>"; };
		1EFD9A9E1DDA35A8000EB830 /* TSTTest.m */ = {isa = PBXFileReference; fileEncoding = 4; lastKnownFileType = sourcecode.c.objc; path = TSTTest.m; sourceTree = "<group>"; };
/* End PBXFileReference section */

/* Begin PBXFrameworksBuildPhase section */
		1EA787931DD56D330075EFFF /* Frameworks */ = {
			isa = PBXFrameworksBuildPhase;
			buildActionMask = 2147483647;
			files = (
			);
			runOnlyForDeploymentPostprocessing = 0;
		};
		1EFD9A621DD7A589000EB830 /* Frameworks */ = {
			isa = PBXFrameworksBuildPhase;
			buildActionMask = 2147483647;
			files = (
			);
			runOnlyForDeploymentPostprocessing = 0;
		};
/* End PBXFrameworksBuildPhase section */

/* Begin PBXGroup section */
		1EA7878D1DD56D330075EFFF = {
			isa = PBXGroup;
			children = (
				1EA787981DD56D330075EFFF /* Katas */,
				1EFD9A661DD7A589000EB830 /* KatasTest */,
				1EA787971DD56D330075EFFF /* Products */,
			);
			sourceTree = "<group>";
		};
		1EA787971DD56D330075EFFF /* Products */ = {
			isa = PBXGroup;
			children = (
				1EA787961DD56D330075EFFF /* Katas */,
				1EFD9A651DD7A589000EB830 /* KatasTest.xctest */,
			);
			name = Products;
			sourceTree = "<group>";
		};
		1EA787981DD56D330075EFFF /* Katas */ = {
			isa = PBXGroup;
			children = (
				1EA787991DD56D330075EFFF /* main.m */,
				1EFD9A6D1DD7AEAD000EB830 /* BST.h */,
				1EFD9A6E1DD7AEAD000EB830 /* BST.m */,
				1EFD9A9B1DDA3358000EB830 /* TST.h */,
				1EFD9A9C1DDA3358000EB830 /* TST.m */,
				1EA787A31DD579890075EFFF /* KarateChop.h */,
				1EA787A41DD579890075EFFF /* KarateChop.m */,
			);
			path = Katas;
			sourceTree = "<group>";
		};
		1EFD9A661DD7A589000EB830 /* KatasTest */ = {
			isa = PBXGroup;
			children = (
				1EFD9A701DD7B1AD000EB830 /* BSTTest.m */,
				1EFD9A9E1DDA35A8000EB830 /* TSTTest.m */,
				1EFD9A671DD7A589000EB830 /* KarateChopTest.m */,
				1EFD9A691DD7A589000EB830 /* Info.plist */,
			);
			path = KatasTest;
			sourceTree = "<group>";
		};
/* End PBXGroup section */

/* Begin PBXNativeTarget section */
		1EA787951DD56D330075EFFF /* Katas */ = {
			isa = PBXNativeTarget;
			buildConfigurationList = 1EA7879D1DD56D330075EFFF /* Build configuration list for PBXNativeTarget "Katas" */;
			buildPhases = (
				1EA787921DD56D330075EFFF /* Sources */,
				1EA787931DD56D330075EFFF /* Frameworks */,
				1EA787941DD56D330075EFFF /* CopyFiles */,
			);
			buildRules = (
			);
			dependencies = (
			);
			name = Katas;
			productName = Katas;
			productReference = 1EA787961DD56D330075EFFF /* Katas */;
			productType = "com.apple.product-type.tool";
		};
		1EFD9A641DD7A589000EB830 /* KatasTest */ = {
			isa = PBXNativeTarget;
			buildConfigurationList = 1EFD9A6C1DD7A589000EB830 /* Build configuration list for PBXNativeTarget "KatasTest" */;
			buildPhases = (
				1EFD9A611DD7A589000EB830 /* Sources */,
				1EFD9A621DD7A589000EB830 /* Frameworks */,
				1EFD9A631DD7A589000EB830 /* Resources */,
			);
			buildRules = (
			);
			dependencies = (
				1EFD9A751DD7B46F000EB830 /* PBXTargetDependency */,
			);
			name = KatasTest;
			productName = KatasTest;
			productReference = 1EFD9A651DD7A589000EB830 /* KatasTest.xctest */;
			productType = "com.apple.product-type.bundle.unit-test";
		};
/* End PBXNativeTarget section */

/* Begin PBXProject section */
		1EA7878E1DD56D330075EFFF /* Project object */ = {
			isa = PBXProject;
			attributes = {
				LastUpgradeCheck = 0810;
				ORGANIZATIONNAME = "Kellie Spears";
				TargetAttributes = {
					1EA787951DD56D330075EFFF = {
						CreatedOnToolsVersion = 8.1;
						ProvisioningStyle = Automatic;
					};
					1EFD9A641DD7A589000EB830 = {
						CreatedOnToolsVersion = 8.1;
						ProvisioningStyle = Automatic;
					};
				};
			};
			buildConfigurationList = 1EA787911DD56D330075EFFF /* Build configuration list for PBXProject "Katas" */;
			compatibilityVersion = "Xcode 8.0";
			developmentRegion = English;
			hasScannedForEncodings = 0;
			knownRegions = (
				en,
			);
			mainGroup = 1EA7878D1DD56D330075EFFF;
			productRefGroup = 1EA787971DD56D330075EFFF /* Products */;
			projectDirPath = "";
			projectRoot = "";
			targets = (
				1EA787951DD56D330075EFFF /* Katas */,
				1EFD9A641DD7A589000EB830 /* KatasTest */,
			);
		};
/* End PBXProject section */

/* Begin PBXResourcesBuildPhase section */
		1EFD9A631DD7A589000EB830 /* Resources */ = {
			isa = PBXResourcesBuildPhase;
			buildActionMask = 2147483647;
			files = (
			);
			runOnlyForDeploymentPostprocessing = 0;
		};
/* End PBXResourcesBuildPhase section */

/* Begin PBXSourcesBuildPhase section */
		1EA787921DD56D330075EFFF /* Sources */ = {
			isa = PBXSourcesBuildPhase;
			buildActionMask = 2147483647;
			files = (
				1EFD9A6F1DD7AEAD000EB830 /* BST.m in Sources */,
				1EA7879A1DD56D330075EFFF /* main.m in Sources */,
				1EA787A51DD579890075EFFF /* KarateChop.m in Sources */,
				1EFD9A9D1DDA3358000EB830 /* TST.m in Sources */,
			);
			runOnlyForDeploymentPostprocessing = 0;
		};
		1EFD9A611DD7A589000EB830 /* Sources */ = {
			isa = PBXSourcesBuildPhase;
			buildActionMask = 2147483647;
			files = (
				1EFD9A9F1DDA35A8000EB830 /* TSTTest.m in Sources */,
				1EFD9A761DD7B4B0000EB830 /* BST.m in Sources */,
				1EFD9A771DD7B4B8000EB830 /* KarateChop.m in Sources */,
				1EFD9A681DD7A589000EB830 /* KarateChopTest.m in Sources */,
				1EFD9A711DD7B1AD000EB830 /* BSTTest.m in Sources */,
			);
			runOnlyForDeploymentPostprocessing = 0;
		};
/* End PBXSourcesBuildPhase section */

/* Begin PBXTargetDependency section */
		1EFD9A751DD7B46F000EB830 /* PBXTargetDependency */ = {
			isa = PBXTargetDependency;
			target = 1EA787951DD56D330075EFFF /* Katas */;
			targetProxy = 1EFD9A741DD7B46F000EB830 /* PBXContainerItemProxy */;
		};
/* End PBXTargetDependency section */

/* Begin XCBuildConfiguration section */
		1EA7879B1DD56D330075EFFF /* Debug */ = {
			isa = XCBuildConfiguration;
			buildSettings = {
				ALWAYS_SEARCH_USER_PATHS = NO;
				CLANG_ANALYZER_NONNULL = YES;
				CLANG_CXX_LANGUAGE_STANDARD = "gnu++0x";
				CLANG_CXX_LIBRARY = "libc++";
				CLANG_ENABLE_MODULES = YES;
				CLANG_ENABLE_OBJC_ARC = YES;
				CLANG_WARN_BOOL_CONVERSION = YES;
				CLANG_WARN_CONSTANT_CONVERSION = YES;
				CLANG_WARN_DIRECT_OBJC_ISA_USAGE = YES_ERROR;
				CLANG_WARN_DOCUMENTATION_COMMENTS = YES;
				CLANG_WARN_EMPTY_BODY = YES;
				CLANG_WARN_ENUM_CONVERSION = YES;
				CLANG_WARN_INFINITE_RECURSION = YES;
				CLANG_WARN_INT_CONVERSION = YES;
				CLANG_WARN_OBJC_ROOT_CLASS = YES_ERROR;
				CLANG_WARN_SUSPICIOUS_MOVES = YES;
				CLANG_WARN_UNREACHABLE_CODE = YES;
				CLANG_WARN__DUPLICATE_METHOD_MATCH = YES;
				CODE_SIGN_IDENTITY = "-";
				COPY_PHASE_STRIP = NO;
				DEBUG_INFORMATION_FORMAT = dwarf;
				ENABLE_STRICT_OBJC_MSGSEND = YES;
				ENABLE_TESTABILITY = YES;
				GCC_C_LANGUAGE_STANDARD = gnu99;
				GCC_DYNAMIC_NO_PIC = NO;
				GCC_NO_COMMON_BLOCKS = YES;
				GCC_OPTIMIZATION_LEVEL = 0;
				GCC_PREPROCESSOR_DEFINITIONS = (
					"DEBUG=1",
					"$(inherited)",
				);
				GCC_WARN_64_TO_32_BIT_CONVERSION = YES;
				GCC_WARN_ABOUT_RETURN_TYPE = YES_ERROR;
				GCC_WARN_UNDECLARED_SELECTOR = YES;
				GCC_WARN_UNINITIALIZED_AUTOS = YES_AGGRESSIVE;
				GCC_WARN_UNUSED_FUNCTION = YES;
				GCC_WARN_UNUSED_VARIABLE = YES;
				MACOSX_DEPLOYMENT_TARGET = 10.12;
				MTL_ENABLE_DEBUG_INFO = YES;
				ONLY_ACTIVE_ARCH = YES;
				SDKROOT = macosx;
			};
			name = Debug;
		};
		1EA7879C1DD56D330075EFFF /* Release */ = {
			isa = XCBuildConfiguration;
			buildSettings = {
				ALWAYS_SEARCH_USER_PATHS = NO;
				CLANG_ANALYZER_NONNULL = YES;
				CLANG_CXX_LANGUAGE_STANDARD = "gnu++0x";
				CLANG_CXX_LIBRARY = "libc++";
				CLANG_ENABLE_MODULES = YES;
				CLANG_ENABLE_OBJC_ARC = YES;
				CLANG_WARN_BOOL_CONVERSION = YES;
				CLANG_WARN_CONSTANT_CONVERSION = YES;
				CLANG_WARN_DIRECT_OBJC_ISA_USAGE = YES_ERROR;
				CLANG_WARN_DOCUMENTATION_COMMENTS = YES;
				CLANG_WARN_EMPTY_BODY = YES;
				CLANG_WARN_ENUM_CONVERSION = YES;
				CLANG_WARN_INFINITE_RECURSION = YES;
				CLANG_WARN_INT_CONVERSION = YES;
				CLANG_WARN_OBJC_ROOT_CLASS = YES_ERROR;
				CLANG_WARN_SUSPICIOUS_MOVES = YES;
				CLANG_WARN_UNREACHABLE_CODE = YES;
				CLANG_WARN__DUPLICATE_METHOD_MATCH = YES;
				CODE_SIGN_IDENTITY = "-";
				COPY_PHASE_STRIP = NO;
				DEBUG_INFORMATION_FORMAT = "dwarf-with-dsym";
				ENABLE_NS_ASSERTIONS = NO;
				ENABLE_STRICT_OBJC_MSGSEND = YES;
				GCC_C_LANGUAGE_STANDARD = gnu99;
				GCC_NO_COMMON_BLOCKS = YES;
				GCC_WARN_64_TO_32_BIT_CONVERSION = YES;
				GCC_WARN_ABOUT_RETURN_TYPE = YES_ERROR;
				GCC_WARN_UNDECLARED_SELECTOR = YES;
				GCC_WARN_UNINITIALIZED_AUTOS = YES_AGGRESSIVE;
				GCC_WARN_UNUSED_FUNCTION = YES;
				GCC_WARN_UNUSED_VARIABLE = YES;
				MACOSX_DEPLOYMENT_TARGET = 10.12;
				MTL_ENABLE_DEBUG_INFO = NO;
				SDKROOT = macosx;
			};
			name = Release;
		};
		1EA7879E1DD56D330075EFFF /* Debug */ = {
			isa = XCBuildConfiguration;
			buildSettings = {
				CODE_SIGN_IDENTITY = "Mac Developer";
				DEVELOPMENT_TEAM = LE3Y88K938;
				INFOPLIST_FILE = "$(SRCROOT)/KatasTest/Info.plist";
				PRODUCT_BUNDLE_IDENTIFIER = com.personal.katas;
				PRODUCT_NAME = "$(TARGET_NAME)";
			};
			name = Debug;
		};
		1EA7879F1DD56D330075EFFF /* Release */ = {
			isa = XCBuildConfiguration;
			buildSettings = {
				CODE_SIGN_IDENTITY = "Mac Developer";
				DEVELOPMENT_TEAM = LE3Y88K938;
				INFOPLIST_FILE = "$(SRCROOT)/KatasTest/Info.plist";
				PRODUCT_BUNDLE_IDENTIFIER = com.personal.katas;
				PRODUCT_NAME = "$(TARGET_NAME)";
			};
			name = Release;
		};
		1EFD9A6A1DD7A589000EB830 /* Debug */ = {
			isa = XCBuildConfiguration;
			buildSettings = {
				COMBINE_HIDPI_IMAGES = YES;
				DEVELOPMENT_TEAM = LE3Y88K938;
				INFOPLIST_FILE = KatasTest/Info.plist;
				LD_RUNPATH_SEARCH_PATHS = "$(inherited) @executable_path/../Frameworks @loader_path/../Frameworks";
				PRODUCT_BUNDLE_IDENTIFIER = personal.kds.KatasTest;
				PRODUCT_NAME = "$(TARGET_NAME)";
			};
			name = Debug;
		};
		1EFD9A6B1DD7A589000EB830 /* Release */ = {
			isa = XCBuildConfiguration;
			buildSettings = {
				COMBINE_HIDPI_IMAGES = YES;
				DEVELOPMENT_TEAM = LE3Y88K938;
				INFOPLIST_FILE = KatasTest/Info.plist;
				LD_RUNPATH_SEARCH_PATHS = "$(inherited) @executable_path/../Frameworks @loader_path/../Frameworks";
				PRODUCT_BUNDLE_IDENTIFIER = personal.kds.KatasTest;
				PRODUCT_NAME = "$(TARGET_NAME)";
			};
			name = Release;
		};
/* End XCBuildConfiguration section */

/* Begin XCConfigurationList section */
		1EA787911DD56D330075EFFF /* Build configuration list for PBXProject "Katas" */ = {
			isa = XCConfigurationList;
			buildConfigurations = (
				1EA7879B1DD56D330075EFFF /* Debug */,
				1EA7879C1DD56D330075EFFF /* Release */,
			);
			defaultConfigurationIsVisible = 0;
			defaultConfigurationName = Release;
		};
		1EA7879D1DD56D330075EFFF /* Build configuration list for PBXNativeTarget "Katas" */ = {
			isa = XCConfigurationList;
			buildConfigurations = (
				1EA7879E1DD56D330075EFFF /* Debug */,
				1EA7879F1DD56D330075EFFF /* Release */,
			);
			defaultConfigurationIsVisible = 0;
			defaultConfigurationName = Release;
		};
		1EFD9A6C1DD7A589000EB830 /* Build configuration list for PBXNativeTarget "KatasTest" */ = {
			isa = XCConfigurationList;
			buildConfigurations = (
				1EFD9A6A1DD7A589000EB830 /* Debug */,
				1EFD9A6B1DD7A589000EB830 /* Release */,
			);
			defaultConfigurationIsVisible = 0;
			defaultConfigurationName = Release;
		};
/* End XCConfigurationList section */
	};
	rootObject = 1EA7878E1DD56D330075EFFF /* Project object */;
}
